{
  "requires": true,
  "lockfileVersion": 1,
  "dependencies": {
    "bootstrap": {
      "version": "3.3.7",
      "resolved": "https://registry.npm.taobao.org/bootstrap/download/bootstrap-3.3.7.tgz",
      "integrity": "sha1-WjiTlFSfIzMIdaOxUGVldPip63E="
    },
    "echarts": {
      "version": "4.8.0",
      "resolved": "https://registry.npm.taobao.org/echarts/download/echarts-4.8.0.tgz?cache=0&sync_timestamp=1596215112746&other_urls=https%3A%2F%2Fregistry.npm.taobao.org%2Fecharts%2Fdownload%2Fecharts-4.8.0.tgz",
      "integrity": "sha1-ssHPuSKbE9No7hBPyO6mALV01MQ=",
      "dev": true,
      "requires": {
        "zrender": "4.3.1"
      }
    },
    "jquery": {
      "version": "3.5.1",
      "resolved": "https://registry.npm.taobao.org/jquery/download/jquery-3.5.1.tgz?cache=0&other_urls=https%3A%2F%2Fregistry.npm.taobao.org%2Fjquery%2Fdownload%2Fjquery-3.5.1.tgz",
      "integrity": "sha1-17TQjhv9uGrS8aPQOeoXMEcXq7U="
    },
    "zrender": {
      "version": "4.3.1",
      "resolved": "https://registry.npm.taobao.org/zrender/download/zrender-4.3.1.tgz?cache=0&sync_timestamp=1596209884195&other_urls=https%3A%2F%2Fregistry.npm.taobao.org%2Fzrender%2Fdownload%2Fzrender-4.3.1.tgz",
      "integrity": "sha1-uviqbcgYei+BlpLX1fm+36K5D6M=",
      "dev": true
    }
  }
}
